
Microsoft Visual Studio Solution File, Format Version 12.00
# Visual Studio Version 16
VisualStudioVersion = 16.0.30717.126
MinimumVisualStudioVersion = 10.0.40219.1
Project("{FAE04EC0-301F-11D3-BF4B-00C04F79EFBC}") = "VideoUploader_ConfettiService", "VideoUploader-ConfettiService\VideoUploader_ConfettiService.csproj", "{CCC3E924-4872-46D3-BDB3-AEAB1CE1B7B5}"
EndProject
Global
	GlobalSection(SolutionConfigurationPlatforms) = preSolution
		Debug|Any CPU = Debug|Any CPU
		Release|Any CPU = Release|Any CPU
	EndGlobalSection
	GlobalSection(ProjectConfigurationPlatforms) = postSolution
		{CCC3E924-4872-46D3-BDB3-AEAB1CE1B7B5}.Debug|Any CPU.ActiveCfg = Debug|Any CPU
		{CCC3E924-4872-46D3-BDB3-AEAB1CE1B7B5}.Debug|Any CPU.Build.0 = Debug|Any CPU
		{CCC3E924-4872-46D3-BDB3-AEAB1CE1B7B5}.Release|Any CPU.ActiveCfg = Release|Any CPU
		{CCC3E924-4872-46D3-BDB3-AEAB1CE1B7B5}.Release|Any CPU.Build.0 = Release|Any CPU
	EndGlobalSection
	GlobalSection(SolutionProperties) = preSolution
		HideSolutionNode = FALSE
	EndGlobalSection
	GlobalSection(ExtensibilityGlobals) = postSolution
		SolutionGuid = {6D05D668-3E03-4455-B7A7-C0439E97836E}
	EndGlobalSection
EndGlobal
